
Microsoft Visual Studio Solution File, Format Version 12.00
# Visual Studio Version 16
VisualStudioVersion = 16.0.28917.182
MinimumVisualStudioVersion = 10.0.40219.1
Project("{9A19103F-16F7-4668-BE54-9A1E7A4F7556}") = "MatrixCalculations", "MatrixCalculations\MatrixCalculations.csproj", "{842F7008-C36B-4B8C-B502-49ACEB742A04}"
EndProject
Project("{9A19103F-16F7-4668-BE54-9A1E7A4F7556}") = "AwfulTest", "AwfulTest\AwfulTest.csproj", "{F6BCC3A7-A020-49FD-AF6E-5F67323219DA}"
EndProject
Project("{9A19103F-16F7-4668-BE54-9A1E7A4F7556}") = "MatrixCalculations.Tests", "MatrixCalculations.Tests\MatrixCalculations.Tests.csproj", "{95962CB2-A223-4C67-8C76-16B0A1C875B8}"
EndProject
Project("{9A19103F-16F7-4668-BE54-9A1E7A4F7556}") = "PolynomialExpression", "PolynomialExpression\PolynomialExpression.csproj", "{A31B8B36-2396-4A39-9B49-CA386CB3115D}"
EndProject
Project("{9A19103F-16F7-4668-BE54-9A1E7A4F7556}") = "AwfulTestPolynomial", "AwfulTestPolynomial\AwfulTestPolynomial.csproj", "{1D5970C1-2E59-45F8-AB68-1060F6AE301A}"
EndProject
Project("{FAE04EC0-301F-11D3-BF4B-00C04F79EFBC}") = "DataStructures", "DataStructures\DataStructures.csproj", "{B6ACFF74-C124-4E20-B7A1-954A5A5ECA3F}"
EndProject
Project("{FAE04EC0-301F-11D3-BF4B-00C04F79EFBC}") = "AwfulTestDataStructures", "AwfulTestDataStructures\AwfulTestDataStructures.csproj", "{7B8FFA65-97D8-4985-A873-E1DAB25C613A}"
EndProject
Project("{FAE04EC0-301F-11D3-BF4B-00C04F79EFBC}") = "LinqTest", "LinqTest\LinqTest.csproj", "{0A156BA2-9AA4-4561-B52E-434C822B32D9}"
EndProject
Global
	GlobalSection(SolutionConfigurationPlatforms) = preSolution
		Debug|Any CPU = Debug|Any CPU
		Release|Any CPU = Release|Any CPU
	EndGlobalSection
	GlobalSection(ProjectConfigurationPlatforms) = postSolution
		{842F7008-C36B-4B8C-B502-49ACEB742A04}.Debug|Any CPU.ActiveCfg = Debug|Any CPU
		{842F7008-C36B-4B8C-B502-49ACEB742A04}.Debug|Any CPU.Build.0 = Debug|Any CPU
		{842F7008-C36B-4B8C-B502-49ACEB742A04}.Release|Any CPU.ActiveCfg = Release|Any CPU
		{842F7008-C36B-4B8C-B502-49ACEB742A04}.Release|Any CPU.Build.0 = Release|Any CPU
		{F6BCC3A7-A020-49FD-AF6E-5F67323219DA}.Debug|Any CPU.ActiveCfg = Debug|Any CPU
		{F6BCC3A7-A020-49FD-AF6E-5F67323219DA}.Debug|Any CPU.Build.0 = Debug|Any CPU
		{F6BCC3A7-A020-49FD-AF6E-5F67323219DA}.Release|Any CPU.ActiveCfg = Release|Any CPU
		{F6BCC3A7-A020-49FD-AF6E-5F67323219DA}.Release|Any CPU.Build.0 = Release|Any CPU
		{95962CB2-A223-4C67-8C76-16B0A1C875B8}.Debug|Any CPU.ActiveCfg = Debug|Any CPU
		{95962CB2-A223-4C67-8C76-16B0A1C875B8}.Debug|Any CPU.Build.0 = Debug|Any CPU
		{95962CB2-A223-4C67-8C76-16B0A1C875B8}.Release|Any CPU.ActiveCfg = Release|Any CPU
		{95962CB2-A223-4C67-8C76-16B0A1C875B8}.Release|Any CPU.Build.0 = Release|Any CPU
		{A31B8B36-2396-4A39-9B49-CA386CB3115D}.Debug|Any CPU.ActiveCfg = Debug|Any CPU
		{A31B8B36-2396-4A39-9B49-CA386CB3115D}.Debug|Any CPU.Build.0 = Debug|Any CPU
		{A31B8B36-2396-4A39-9B49-CA386CB3115D}.Release|Any CPU.ActiveCfg = Release|Any CPU
		{A31B8B36-2396-4A39-9B49-CA386CB3115D}.Release|Any CPU.Build.0 = Release|Any CPU
		{1D5970C1-2E59-45F8-AB68-1060F6AE301A}.Debug|Any CPU.ActiveCfg = Debug|Any CPU
		{1D5970C1-2E59-45F8-AB68-1060F6AE301A}.Debug|Any CPU.Build.0 = Debug|Any CPU
		{1D5970C1-2E59-45F8-AB68-1060F6AE301A}.Release|Any CPU.ActiveCfg = Release|Any CPU
		{1D5970C1-2E59-45F8-AB68-1060F6AE301A}.Release|Any CPU.Build.0 = Release|Any CPU
		{B6ACFF74-C124-4E20-B7A1-954A5A5ECA3F}.Debug|Any CPU.ActiveCfg = Debug|Any CPU
		{B6ACFF74-C124-4E20-B7A1-954A5A5ECA3F}.Debug|Any CPU.Build.0 = Debug|Any CPU
		{B6ACFF74-C124-4E20-B7A1-954A5A5ECA3F}.Release|Any CPU.ActiveCfg = Release|Any CPU
		{B6ACFF74-C124-4E20-B7A1-954A5A5ECA3F}.Release|Any CPU.Build.0 = Release|Any CPU
		{7B8FFA65-97D8-4985-A873-E1DAB25C613A}.Debug|Any CPU.ActiveCfg = Debug|Any CPU
		{7B8FFA65-97D8-4985-A873-E1DAB25C613A}.Debug|Any CPU.Build.0 = Debug|Any CPU
		{7B8FFA65-97D8-4985-A873-E1DAB25C613A}.Release|Any CPU.ActiveCfg = Release|Any CPU
		{7B8FFA65-97D8-4985-A873-E1DAB25C613A}.Release|Any CPU.Build.0 = Release|Any CPU
		{0A156BA2-9AA4-4561-B52E-434C822B32D9}.Debug|Any CPU.ActiveCfg = Debug|Any CPU
		{0A156BA2-9AA4-4561-B52E-434C822B32D9}.Debug|Any CPU.Build.0 = Debug|Any CPU
		{0A156BA2-9AA4-4561-B52E-434C822B32D9}.Release|Any CPU.ActiveCfg = Release|Any CPU
		{0A156BA2-9AA4-4561-B52E-434C822B32D9}.Release|Any CPU.Build.0 = Release|Any CPU
	EndGlobalSection
	GlobalSection(SolutionProperties) = preSolution
		HideSolutionNode = FALSE
	EndGlobalSection
	GlobalSection(ExtensibilityGlobals) = postSolution
		SolutionGuid = {07FB3EFE-4898-44F4-81EA-8DD993E81D81}
	EndGlobalSection
EndGlobal
